// !$*UTF8*$!
{
	archiveVersion = 1;
	classes = {
	};
	objectVersion = 55;
	objects = {

/* Begin PBXBuildFile section */
		3E4636C9FF9FCDC4C9B772CF /* Pods_FlickrTests.framework in Frameworks */ = {isa = PBXBuildFile; fileRef = 7B09F76AD588C37A693EA9B5 /* Pods_FlickrTests.framework */; };
		91DEDEF67DF3C926786923BB /* Pods_Flickr.framework in Frameworks */ = {isa = PBXBuildFile; fileRef = 4F4F73ABE43D30CC68AE3DFC /* Pods_Flickr.framework */; };
		960394B426FA9E1500C17F89 /* AppDelegate.swift in Sources */ = {isa = PBXBuildFile; fileRef = 960394B326FA9E1500C17F89 /* AppDelegate.swift */; };
		960394B626FA9E1500C17F89 /* SceneDelegate.swift in Sources */ = {isa = PBXBuildFile; fileRef = 960394B526FA9E1500C17F89 /* SceneDelegate.swift */; };
		960394B826FA9E1500C17F89 /* ViewController.swift in Sources */ = {isa = PBXBuildFile; fileRef = 960394B726FA9E1500C17F89 /* ViewController.swift */; };
		960394BB26FA9E1500C17F89 /* Main.storyboard in Resources */ = {isa = PBXBuildFile; fileRef = 960394B926FA9E1500C17F89 /* Main.storyboard */; };
		960394BD26FA9E1700C17F89 /* Assets.xcassets in Resources */ = {isa = PBXBuildFile; fileRef = 960394BC26FA9E1700C17F89 /* Assets.xcassets */; };
		960394C026FA9E1700C17F89 /* LaunchScreen.storyboard in Resources */ = {isa = PBXBuildFile; fileRef = 960394BE26FA9E1700C17F89 /* LaunchScreen.storyboard */; };
		960394CB26FA9E1700C17F89 /* FlickrTests.swift in Sources */ = {isa = PBXBuildFile; fileRef = 960394CA26FA9E1700C17F89 /* FlickrTests.swift */; };
		960394D526FA9E1700C17F89 /* FlickrUITests.swift in Sources */ = {isa = PBXBuildFile; fileRef = 960394D426FA9E1700C17F89 /* FlickrUITests.swift */; };
		960394D726FA9E1700C17F89 /* FlickrUITestsLaunchTests.swift in Sources */ = {isa = PBXBuildFile; fileRef = 960394D626FA9E1700C17F89 /* FlickrUITestsLaunchTests.swift */; };
		960394E926FA9E9900C17F89 /* API.swift in Sources */ = {isa = PBXBuildFile; fileRef = 960394E826FA9E9900C17F89 /* API.swift */; };
		960394EB26FA9F8F00C17F89 /* FeedModel.swift in Sources */ = {isa = PBXBuildFile; fileRef = 960394EA26FA9F8F00C17F89 /* FeedModel.swift */; };
		960394ED26FAA34B00C17F89 /* FeedViewModel.swift in Sources */ = {isa = PBXBuildFile; fileRef = 960394EC26FAA34B00C17F89 /* FeedViewModel.swift */; };
		960394EF26FAAC2F00C17F89 /* ImageCollectionViewCell.swift in Sources */ = {isa = PBXBuildFile; fileRef = 960394EE26FAAC2F00C17F89 /* ImageCollectionViewCell.swift */; };
		960394F126FAB5BA00C17F89 /* DetailViewController.swift in Sources */ = {isa = PBXBuildFile; fileRef = 960394F026FAB5BA00C17F89 /* DetailViewController.swift */; };
		960394F426FABB9200C17F89 /* Extensions.swift in Sources */ = {isa = PBXBuildFile; fileRef = 960394F326FABB9200C17F89 /* Extensions.swift */; };
		A0FAD28693014EDAEC648DD6 /* Pods_Flickr_FlickrUITests.framework in Frameworks */ = {isa = PBXBuildFile; fileRef = 09341508D2771C1EB551F86A /* Pods_Flickr_FlickrUITests.framework */; };
/* End PBXBuildFile section */

/* Begin PBXContainerItemProxy section */
		960394C726FA9E1700C17F89 /* PBXContainerItemProxy */ = {
			isa = PBXContainerItemProxy;
			containerPortal = 960394A826FA9E1500C17F89 /* Project object */;
			proxyType = 1;
			remoteGlobalIDString = 960394AF26FA9E1500C17F89;
			remoteInfo = Flickr;
		};
		960394D126FA9E1700C17F89 /* PBXContainerItemProxy */ = {
			isa = PBXContainerItemProxy;
			containerPortal = 960394A826FA9E1500C17F89 /* Project object */;
			proxyType = 1;
			remoteGlobalIDString = 960394AF26FA9E1500C17F89;
			remoteInfo = Flickr;
		};
/* End PBXContainerItemProxy section */

/* Begin PBXFileReference section */
		09341508D2771C1EB551F86A /* Pods_Flickr_FlickrUITests.framework */ = {isa = PBXFileReference; explicitFileType = wrapper.framework; includeInIndex = 0; path = Pods_Flickr_FlickrUITests.framework; sourceTree = BUILT_PRODUCTS_DIR; };
		28A700F8CEF9674A797C9B52 /* Pods-FlickrTests.debug.xcconfig */ = {isa = PBXFileReference; includeInIndex = 1; lastKnownFileType = text.xcconfig; name = "Pods-FlickrTests.debug.xcconfig"; path = "Target Support Files/Pods-FlickrTests/Pods-FlickrTests.debug.xcconfig"; sourceTree = "<group>"; };
		3095A48F46DE0F2AB05BBD58 /* Pods-Flickr-FlickrUITests.debug.xcconfig */ = {isa = PBXFileReference; includeInIndex = 1; lastKnownFileType = text.xcconfig; name = "Pods-Flickr-FlickrUITests.debug.xcconfig"; path = "Target Support Files/Pods-Flickr-FlickrUITests/Pods-Flickr-FlickrUITests.debug.xcconfig"; sourceTree = "<group>"; };
		4F4F73ABE43D30CC68AE3DFC /* Pods_Flickr.framework */ = {isa = PBXFileReference; explicitFileType = wrapper.framework; includeInIndex = 0; path = Pods_Flickr.framework; sourceTree = BUILT_PRODUCTS_DIR; };
		7B09F76AD588C37A693EA9B5 /* Pods_FlickrTests.framework */ = {isa = PBXFileReference; explicitFileType = wrapper.framework; includeInIndex = 0; path = Pods_FlickrTests.framework; sourceTree = BUILT_PRODUCTS_DIR; };
		868D1045F7446077F6449FCB /* Pods-Flickr.release.xcconfig */ = {isa = PBXFileReference; includeInIndex = 1; lastKnownFileType = text.xcconfig; name = "Pods-Flickr.release.xcconfig"; path = "Target Support Files/Pods-Flickr/Pods-Flickr.release.xcconfig"; sourceTree = "<group>"; };
		960394B026FA9E1500C17F89 /* Flickr.app */ = {isa = PBXFileReference; explicitFileType = wrapper.application; includeInIndex = 0; path = Flickr.app; sourceTree = BUILT_PRODUCTS_DIR; };
		960394B326FA9E1500C17F89 /* AppDelegate.swift */ = {isa = PBXFileReference; lastKnownFileType = sourcecode.swift; path = AppDelegate.swift; sourceTree = "<group>"; };
		960394B526FA9E1500C17F89 /* SceneDelegate.swift */ = {isa = PBXFileReference; lastKnownFileType = sourcecode.swift; path = SceneDelegate.swift; sourceTree = "<group>"; };
		960394B726FA9E1500C17F89 /* ViewController.swift */ = {isa = PBXFileReference; lastKnownFileType = sourcecode.swift; path = ViewController.swift; sourceTree = "<group>"; };
		960394BA26FA9E1500C17F89 /* Base */ = {isa = PBXFileReference; lastKnownFileType = file.storyboard; name = Base; path = Base.lproj/Main.storyboard; sourceTree = "<group>"; };
		960394BC26FA9E1700C17F89 /* Assets.xcassets */ = {isa = PBXFileReference; lastKnownFileType = folder.assetcatalog; path = Assets.xcassets; sourceTree = "<group>"; };
		960394BF26FA9E1700C17F89 /* Base */ = {isa = PBXFileReference; lastKnownFileType = file.storyboard; name = Base; path = Base.lproj/LaunchScreen.storyboard; sourceTree = "<group>"; };
		960394C126FA9E1700C17F89 /* Info.plist */ = {isa = PBXFileReference; lastKnownFileType = text.plist.xml; path = Info.plist; sourceTree = "<group>"; };
		960394C626FA9E1700C17F89 /* FlickrTests.xctest */ = {isa = PBXFileReference; explicitFileType = wrapper.cfbundle; includeInIndex = 0; path = FlickrTests.xctest; sourceTree = BUILT_PRODUCTS_DIR; };
		960394CA26FA9E1700C17F89 /* FlickrTests.swift */ = {isa = PBXFileReference; lastKnownFileType = sourcecode.swift; path = FlickrTests.swift; sourceTree = "<group>"; };
		960394D026FA9E1700C17F89 /* FlickrUITests.xctest */ = {isa = PBXFileReference; explicitFileType = wrapper.cfbundle; includeInIndex = 0; path = FlickrUITests.xctest; sourceTree = BUILT_PRODUCTS_DIR; };
		960394D426FA9E1700C17F89 /* FlickrUITests.swift */ = {isa = PBXFileReference; lastKnownFileType = sourcecode.swift; path = FlickrUITests.swift; sourceTree = "<group>"; };
		960394D626FA9E1700C17F89 /* FlickrUITestsLaunchTests.swift */ = {isa = PBXFileReference; lastKnownFileType = sourcecode.swift; path = FlickrUITestsLaunchTests.swift; sourceTree = "<group>"; };
		960394E826FA9E9900C17F89 /* API.swift */ = {isa = PBXFileReference; lastKnownFileType = sourcecode.swift; path = API.swift; sourceTree = "<group>"; };
		960394EA26FA9F8F00C17F89 /* FeedModel.swift */ = {isa = PBXFileReference; lastKnownFileType = sourcecode.swift; path = FeedModel.swift; sourceTree = "<group>"; };
		960394EC26FAA34B00C17F89 /* FeedViewModel.swift */ = {isa = PBXFileReference; lastKnownFileType = sourcecode.swift; path = FeedViewModel.swift; sourceTree = "<group>"; };
		960394EE26FAAC2F00C17F89 /* ImageCollectionViewCell.swift */ = {isa = PBXFileReference; lastKnownFileType = sourcecode.swift; path = ImageCollectionViewCell.swift; sourceTree = "<group>"; };
		960394F026FAB5BA00C17F89 /* DetailViewController.swift */ = {isa = PBXFileReference; lastKnownFileType = sourcecode.swift; path = DetailViewController.swift; sourceTree = "<group>"; };
		960394F326FABB9200C17F89 /* Extensions.swift */ = {isa = PBXFileReference; lastKnownFileType = sourcecode.swift; path = Extensions.swift; sourceTree = "<group>"; };
		A17181E2F5E1B54807738154 /* Pods-Flickr-FlickrUITests.release.xcconfig */ = {isa = PBXFileReference; includeInIndex = 1; lastKnownFileType = text.xcconfig; name = "Pods-Flickr-FlickrUITests.release.xcconfig"; path = "Target Support Files/Pods-Flickr-FlickrUITests/Pods-Flickr-FlickrUITests.release.xcconfig"; sourceTree = "<group>"; };
		CEA78B3EE0C878C115A2A0F3 /* Pods-Flickr.debug.xcconfig */ = {isa = PBXFileReference; includeInIndex = 1; lastKnownFileType = text.xcconfig; name = "Pods-Flickr.debug.xcconfig"; path = "Target Support Files/Pods-Flickr/Pods-Flickr.debug.xcconfig"; sourceTree = "<group>"; };
		E577F1073096A78DA5FDDE1E /* Pods-FlickrTests.release.xcconfig */ = {isa = PBXFileReference; includeInIndex = 1; lastKnownFileType = text.xcconfig; name = "Pods-FlickrTests.release.xcconfig"; path = "Target Support Files/Pods-FlickrTests/Pods-FlickrTests.release.xcconfig"; sourceTree = "<group>"; };
/* End PBXFileReference section */

/* Begin PBXFrameworksBuildPhase section */
		960394AD26FA9E1500C17F89 /* Frameworks */ = {
			isa = PBXFrameworksBuildPhase;
			buildActionMask = 2147483647;
			files = (
				91DEDEF67DF3C926786923BB /* Pods_Flickr.framework in Frameworks */,
			);
			runOnlyForDeploymentPostprocessing = 0;
		};
		960394C326FA9E1700C17F89 /* Frameworks */ = {
			isa = PBXFrameworksBuildPhase;
			buildActionMask = 2147483647;
			files = (
				3E4636C9FF9FCDC4C9B772CF /* Pods_FlickrTests.framework in Frameworks */,
			);
			runOnlyForDeploymentPostprocessing = 0;
		};
		960394CD26FA9E1700C17F89 /* Frameworks */ = {
			isa = PBXFrameworksBuildPhase;
			buildActionMask = 2147483647;
			files = (
				A0FAD28693014EDAEC648DD6 /* Pods_Flickr_FlickrUITests.framework in Frameworks */,
			);
			runOnlyForDeploymentPostprocessing = 0;
		};
/* End PBXFrameworksBuildPhase section */

/* Begin PBXGroup section */
		78197903447906C7D1E7985E /* Frameworks */ = {
			isa = PBXGroup;
			children = (
				4F4F73ABE43D30CC68AE3DFC /* Pods_Flickr.framework */,
				09341508D2771C1EB551F86A /* Pods_Flickr_FlickrUITests.framework */,
				7B09F76AD588C37A693EA9B5 /* Pods_FlickrTests.framework */,
			);
			name = Frameworks;
			sourceTree = "<group>";
		};
		7CCF292FBCFA179D5FEC3DE7 /* Pods */ = {
			isa = PBXGroup;
			children = (
				CEA78B3EE0C878C115A2A0F3 /* Pods-Flickr.debug.xcconfig */,
				868D1045F7446077F6449FCB /* Pods-Flickr.release.xcconfig */,
				3095A48F46DE0F2AB05BBD58 /* Pods-Flickr-FlickrUITests.debug.xcconfig */,
				A17181E2F5E1B54807738154 /* Pods-Flickr-FlickrUITests.release.xcconfig */,
				28A700F8CEF9674A797C9B52 /* Pods-FlickrTests.debug.xcconfig */,
				E577F1073096A78DA5FDDE1E /* Pods-FlickrTests.release.xcconfig */,
			);
			path = Pods;
			sourceTree = "<group>";
		};
		960394A726FA9E1500C17F89 = {
			isa = PBXGroup;
			children = (
				960394B226FA9E1500C17F89 /* Flickr */,
				960394C926FA9E1700C17F89 /* FlickrTests */,
				960394D326FA9E1700C17F89 /* FlickrUITests */,
				960394B126FA9E1500C17F89 /* Products */,
				7CCF292FBCFA179D5FEC3DE7 /* Pods */,
				78197903447906C7D1E7985E /* Frameworks */,
			);
			sourceTree = "<group>";
		};
		960394B126FA9E1500C17F89 /* Products */ = {
			isa = PBXGroup;
			children = (
				960394B026FA9E1500C17F89 /* Flickr.app */,
				960394C626FA9E1700C17F89 /* FlickrTests.xctest */,
				960394D026FA9E1700C17F89 /* FlickrUITests.xctest */,
			);
			name = Products;
			sourceTree = "<group>";
		};
		960394B226FA9E1500C17F89 /* Flickr */ = {
			isa = PBXGroup;
			children = (
				960394F226FABB8500C17F89 /* Extensions */,
				960394E726FA9E8200C17F89 /* Services */,
				960394E626FA9E7300C17F89 /* ViewModel */,
				960394E526FA9E6C00C17F89 /* View */,
				960394E426FA9E4D00C17F89 /* Controller */,
				960394E326FA9E2F00C17F89 /* Model */,
				960394B326FA9E1500C17F89 /* AppDelegate.swift */,
				960394B526FA9E1500C17F89 /* SceneDelegate.swift */,
				960394B926FA9E1500C17F89 /* Main.storyboard */,
				960394BC26FA9E1700C17F89 /* Assets.xcassets */,
				960394BE26FA9E1700C17F89 /* LaunchScreen.storyboard */,
				960394C126FA9E1700C17F89 /* Info.plist */,
			);
			path = Flickr;
			sourceTree = "<group>";
		};
		960394C926FA9E1700C17F89 /* FlickrTests */ = {
			isa = PBXGroup;
			children = (
				960394CA26FA9E1700C17F89 /* FlickrTests.swift */,
			);
			path = FlickrTests;
			sourceTree = "<group>";
		};
		960394D326FA9E1700C17F89 /* FlickrUITests */ = {
			isa = PBXGroup;
			children = (
				960394D426FA9E1700C17F89 /* FlickrUITests.swift */,
				960394D626FA9E1700C17F89 /* FlickrUITestsLaunchTests.swift */,
			);
			path = FlickrUITests;
			sourceTree = "<group>";
		};
		960394E326FA9E2F00C17F89 /* Model */ = {
			isa = PBXGroup;
			children = (
				960394EA26FA9F8F00C17F89 /* FeedModel.swift */,
			);
			path = Model;
			sourceTree = "<group>";
		};
		960394E426FA9E4D00C17F89 /* Controller */ = {
			isa = PBXGroup;
			children = (
				960394B726FA9E1500C17F89 /* ViewController.swift */,
				960394F026FAB5BA00C17F89 /* DetailViewController.swift */,
			);
			path = Controller;
			sourceTree = "<group>";
		};
		960394E526FA9E6C00C17F89 /* View */ = {
			isa = PBXGroup;
			children = (
				960394EE26FAAC2F00C17F89 /* ImageCollectionViewCell.swift */,
			);
			path = View;
			sourceTree = "<group>";
		};
		960394E626FA9E7300C17F89 /* ViewModel */ = {
			isa = PBXGroup;
			children = (
				960394EC26FAA34B00C17F89 /* FeedViewModel.swift */,
			);
			path = ViewModel;
			sourceTree = "<group>";
		};
		960394E726FA9E8200C17F89 /* Services */ = {
			isa = PBXGroup;
			children = (
				960394E826FA9E9900C17F89 /* API.swift */,
			);
			path = Services;
			sourceTree = "<group>";
		};
		960394F226FABB8500C17F89 /* Extensions */ = {
			isa = PBXGroup;
			children = (
				960394F326FABB9200C17F89 /* Extensions.swift */,
			);
			path = Extensions;
			sourceTree = "<group>";
		};
/* End PBXGroup section */

/* Begin PBXNativeTarget section */
		960394AF26FA9E1500C17F89 /* Flickr */ = {
			isa = PBXNativeTarget;
			buildConfigurationList = 960394DA26FA9E1700C17F89 /* Build configuration list for PBXNativeTarget "Flickr" */;
			buildPhases = (
				61C45AD6CC4D5D3FA3D6DCD1 /* [CP] Check Pods Manifest.lock */,
				960394AC26FA9E1500C17F89 /* Sources */,
				960394AD26FA9E1500C17F89 /* Frameworks */,
				960394AE26FA9E1500C17F89 /* Resources */,
				9BC31959C9227D380DC9FDC6 /* [CP] Embed Pods Frameworks */,
			);
			buildRules = (
			);
			dependencies = (
			);
			name = Flickr;
			productName = Flickr;
			productReference = 960394B026FA9E1500C17F89 /* Flickr.app */;
			productType = "com.apple.product-type.application";
		};
		960394C526FA9E1700C17F89 /* FlickrTests */ = {
			isa = PBXNativeTarget;
			buildConfigurationList = 960394DD26FA9E1700C17F89 /* Build configuration list for PBXNativeTarget "FlickrTests" */;
			buildPhases = (
				C63E054025F842D0143D8331 /* [CP] Check Pods Manifest.lock */,
				960394C226FA9E1700C17F89 /* Sources */,
				960394C326FA9E1700C17F89 /* Frameworks */,
				960394C426FA9E1700C17F89 /* Resources */,
			);
			buildRules = (
			);
			dependencies = (
				960394C826FA9E1700C17F89 /* PBXTargetDependency */,
			);
			name = FlickrTests;
			productName = FlickrTests;
			productReference = 960394C626FA9E1700C17F89 /* FlickrTests.xctest */;
			productType = "com.apple.product-type.bundle.unit-test";
		};
		960394CF26FA9E1700C17F89 /* FlickrUITests */ = {
			isa = PBXNativeTarget;
			buildConfigurationList = 960394E026FA9E1700C17F89 /* Build configuration list for PBXNativeTarget "FlickrUITests" */;
			buildPhases = (
				604B37BCBCBA63599D494835 /* [CP] Check Pods Manifest.lock */,
				960394CC26FA9E1700C17F89 /* Sources */,
				960394CD26FA9E1700C17F89 /* Frameworks */,
				960394CE26FA9E1700C17F89 /* Resources */,
				83DB225F3758A24E069C32F3 /* [CP] Embed Pods Frameworks */,
			);
			buildRules = (
			);
			dependencies = (
				960394D226FA9E1700C17F89 /* PBXTargetDependency */,
			);
			name = FlickrUITests;
			productName = FlickrUITests;
			productReference = 960394D026FA9E1700C17F89 /* FlickrUITests.xctest */;
			productType = "com.apple.product-type.bundle.ui-testing";
		};
/* End PBXNativeTarget section */

/* Begin PBXProject section */
		960394A826FA9E1500C17F89 /* Project object */ = {
			isa = PBXProject;
			attributes = {
				BuildIndependentTargetsInParallel = 1;
				LastSwiftUpdateCheck = 1300;
				LastUpgradeCheck = 1300;
				TargetAttributes = {
					960394AF26FA9E1500C17F89 = {
						CreatedOnToolsVersion = 13.0;
					};
					960394C526FA9E1700C17F89 = {
						CreatedOnToolsVersion = 13.0;
						TestTargetID = 960394AF26FA9E1500C17F89;
					};
					960394CF26FA9E1700C17F89 = {
						CreatedOnToolsVersion = 13.0;
						TestTargetID = 960394AF26FA9E1500C17F89;
					};
				};
			};
			buildConfigurationList = 960394AB26FA9E1500C17F89 /* Build configuration list for PBXProject "Flickr" */;
			compatibilityVersion = "Xcode 13.0";
			developmentRegion = en;
			hasScannedForEncodings = 0;
			knownRegions = (
				en,
				Base,
			);
			mainGroup = 960394A726FA9E1500C17F89;
			productRefGroup = 960394B126FA9E1500C17F89 /* Products */;
			projectDirPath = "";
			projectRoot = "";
			targets = (
				960394AF26FA9E1500C17F89 /* Flickr */,
				960394C526FA9E1700C17F89 /* FlickrTests */,
				960394CF26FA9E1700C17F89 /* FlickrUITests */,
			);
		};
/* End PBXProject section */

/* Begin PBXResourcesBuildPhase section */
		960394AE26FA9E1500C17F89 /* Resources */ = {
			isa = PBXResourcesBuildPhase;
			buildActionMask = 2147483647;
			files = (
				960394C026FA9E1700C17F89 /* LaunchScreen.storyboard in Resources */,
				960394BD26FA9E1700C17F89 /* Assets.xcassets in Resources */,
				960394BB26FA9E1500C17F89 /* Main.storyboard in Resources */,
			);
			runOnlyForDeploymentPostprocessing = 0;
		};
		960394C426FA9E1700C17F89 /* Resources */ = {
			isa = PBXResourcesBuildPhase;
			buildActionMask = 2147483647;
			files = (
			);
			runOnlyForDeploymentPostprocessing = 0;
		};
		960394CE26FA9E1700C17F89 /* Resources */ = {
			isa = PBXResourcesBuildPhase;
			buildActionMask = 2147483647;
			files = (
			);
			runOnlyForDeploymentPostprocessing = 0;
		};
/* End PBXResourcesBuildPhase section */

/* Begin PBXShellScriptBuildPhase section */
		604B37BCBCBA63599D494835 /* [CP] Check Pods Manifest.lock */ = {
			isa = PBXShellScriptBuildPhase;
			buildActionMask = 2147483647;
			files = (
			);
			inputFileListPaths = (
			);
			inputPaths = (
				"${PODS_PODFILE_DIR_PATH}/Podfile.lock",
				"${PODS_ROOT}/Manifest.lock",
			);
			name = "[CP] Check Pods Manifest.lock";
			outputFileListPaths = (
			);
			outputPaths = (
				"$(DERIVED_FILE_DIR)/Pods-Flickr-FlickrUITests-checkManifestLockResult.txt",
			);
			runOnlyForDeploymentPostprocessing = 0;
			shellPath = /bin/sh;
			shellScript = "diff \"${PODS_PODFILE_DIR_PATH}/Podfile.lock\" \"${PODS_ROOT}/Manifest.lock\" > /dev/null\nif [ $? != 0 ] ; then\n    # print error to STDERR\n    echo \"error: The sandbox is not in sync with the Podfile.lock. Run 'pod install' or update your CocoaPods installation.\" >&2\n    exit 1\nfi\n# This output is used by Xcode 'outputs' to avoid re-running this script phase.\necho \"SUCCESS\" > \"${SCRIPT_OUTPUT_FILE_0}\"\n";
			showEnvVarsInLog = 0;
		};
		61C45AD6CC4D5D3FA3D6DCD1 /* [CP] Check Pods Manifest.lock */ = {
			isa = PBXShellScriptBuildPhase;
			buildActionMask = 2147483647;
			files = (
			);
			inputFileListPaths = (
			);
			inputPaths = (
				"${PODS_PODFILE_DIR_PATH}/Podfile.lock",
				"${PODS_ROOT}/Manifest.lock",
			);
			name = "[CP] Check Pods Manifest.lock";
			outputFileListPaths = (
			);
			outputPaths = (
				"$(DERIVED_FILE_DIR)/Pods-Flickr-checkManifestLockResult.txt",
			);
			runOnlyForDeploymentPostprocessing = 0;
			shellPath = /bin/sh;
			shellScript = "diff \"${PODS_PODFILE_DIR_PATH}/Podfile.lock\" \"${PODS_ROOT}/Manifest.lock\" > /dev/null\nif [ $? != 0 ] ; then\n    # print error to STDERR\n    echo \"error: The sandbox is not in sync with the Podfile.lock. Run 'pod install' or update your CocoaPods installation.\" >&2\n    exit 1\nfi\n# This output is used by Xcode 'outputs' to avoid re-running this script phase.\necho \"SUCCESS\" > \"${SCRIPT_OUTPUT_FILE_0}\"\n";
			showEnvVarsInLog = 0;
		};
		83DB225F3758A24E069C32F3 /* [CP] Embed Pods Frameworks */ = {
			isa = PBXShellScriptBuildPhase;
			buildActionMask = 2147483647;
			files = (
			);
			inputFileListPaths = (
				"${PODS_ROOT}/Target Support Files/Pods-Flickr-FlickrUITests/Pods-Flickr-FlickrUITests-frameworks-${CONFIGURATION}-input-files.xcfilelist",
			);
			name = "[CP] Embed Pods Frameworks";
			outputFileListPaths = (
				"${PODS_ROOT}/Target Support Files/Pods-Flickr-FlickrUITests/Pods-Flickr-FlickrUITests-frameworks-${CONFIGURATION}-output-files.xcfilelist",
			);
			runOnlyForDeploymentPostprocessing = 0;
			shellPath = /bin/sh;
			shellScript = "\"${PODS_ROOT}/Target Support Files/Pods-Flickr-FlickrUITests/Pods-Flickr-FlickrUITests-frameworks.sh\"\n";
			showEnvVarsInLog = 0;
		};
		9BC31959C9227D380DC9FDC6 /* [CP] Embed Pods Frameworks */ = {
			isa = PBXShellScriptBuildPhase;
			buildActionMask = 2147483647;
			files = (
			);
			inputFileListPaths = (
				"${PODS_ROOT}/Target Support Files/Pods-Flickr/Pods-Flickr-frameworks-${CONFIGURATION}-input-files.xcfilelist",
			);
			name = "[CP] Embed Pods Frameworks";
			outputFileListPaths = (
				"${PODS_ROOT}/Target Support Files/Pods-Flickr/Pods-Flickr-frameworks-${CONFIGURATION}-output-files.xcfilelist",
			);
			runOnlyForDeploymentPostprocessing = 0;
			shellPath = /bin/sh;
			shellScript = "\"${PODS_ROOT}/Target Support Files/Pods-Flickr/Pods-Flickr-frameworks.sh\"\n";
			showEnvVarsInLog = 0;
		};
		C63E054025F842D0143D8331 /* [CP] Check Pods Manifest.lock */ = {
			isa = PBXShellScriptBuildPhase;
			buildActionMask = 2147483647;
			files = (
			);
			inputFileListPaths = (
			);
			inputPaths = (
				"${PODS_PODFILE_DIR_PATH}/Podfile.lock",
				"${PODS_ROOT}/Manifest.lock",
			);
			name = "[CP] Check Pods Manifest.lock";
			outputFileListPaths = (
			);
			outputPaths = (
				"$(DERIVED_FILE_DIR)/Pods-FlickrTests-checkManifestLockResult.txt",
			);
			runOnlyForDeploymentPostprocessing = 0;
			shellPath = /bin/sh;
			shellScript = "diff \"${PODS_PODFILE_DIR_PATH}/Podfile.lock\" \"${PODS_ROOT}/Manifest.lock\" > /dev/null\nif [ $? != 0 ] ; then\n    # print error to STDERR\n    echo \"error: The sandbox is not in sync with the Podfile.lock. Run 'pod install' or update your CocoaPods installation.\" >&2\n    exit 1\nfi\n# This output is used by Xcode 'outputs' to avoid re-running this script phase.\necho \"SUCCESS\" > \"${SCRIPT_OUTPUT_FILE_0}\"\n";
			showEnvVarsInLog = 0;
		};
/* End PBXShellScriptBuildPhase section */

/* Begin PBXSourcesBuildPhase section */
		960394AC26FA9E1500C17F89 /* Sources */ = {
			isa = PBXSourcesBuildPhase;
			buildActionMask = 2147483647;
			files = (
				960394B826FA9E1500C17F89 /* ViewController.swift in Sources */,
				960394F426FABB9200C17F89 /* Extensions.swift in Sources */,
				960394B426FA9E1500C17F89 /* AppDelegate.swift in Sources */,
				960394ED26FAA34B00C17F89 /* FeedViewModel.swift in Sources */,
				960394EF26FAAC2F00C17F89 /* ImageCollectionViewCell.swift in Sources */,
				960394EB26FA9F8F00C17F89 /* FeedModel.swift in Sources */,
				960394E926FA9E9900C17F89 /* API.swift in Sources */,
				960394B626FA9E1500C17F89 /* SceneDelegate.swift in Sources */,
				960394F126FAB5BA00C17F89 /* DetailViewController.swift in Sources */,
			);
			runOnlyForDeploymentPostprocessing = 0;
		};
		960394C226FA9E1700C17F89 /* Sources */ = {
			isa = PBXSourcesBuildPhase;
			buildActionMask = 2147483647;
			files = (
				960394CB26FA9E1700C17F89 /* FlickrTests.swift in Sources */,
			);
			runOnlyForDeploymentPostprocessing = 0;
		};
		960394CC26FA9E1700C17F89 /* Sources */ = {
			isa = PBXSourcesBuildPhase;
			buildActionMask = 2147483647;
			files = (
				960394D526FA9E1700C17F89 /* FlickrUITests.swift in Sources */,
				960394D726FA9E1700C17F89 /* FlickrUITestsLaunchTests.swift in Sources */,
			);
			runOnlyForDeploymentPostprocessing = 0;
		};
/* End PBXSourcesBuildPhase section */

/* Begin PBXTargetDependency section */
		960394C826FA9E1700C17F89 /* PBXTargetDependency */ = {
			isa = PBXTargetDependency;
			target = 960394AF26FA9E1500C17F89 /* Flickr */;
			targetProxy = 960394C726FA9E1700C17F89 /* PBXContainerItemProxy */;
		};
		960394D226FA9E1700C17F89 /* PBXTargetDependency */ = {
			isa = PBXTargetDependency;
			target = 960394AF26FA9E1500C17F89 /* Flickr */;
			targetProxy = 960394D126FA9E1700C17F89 /* PBXContainerItemProxy */;
		};
/* End PBXTargetDependency section */

/* Begin PBXVariantGroup section */
		960394B926FA9E1500C17F89 /* Main.storyboard */ = {
			isa = PBXVariantGroup;
			children = (
				960394BA26FA9E1500C17F89 /* Base */,
			);
			name = Main.storyboard;
			sourceTree = "<group>";
		};
		960394BE26FA9E1700C17F89 /* LaunchScreen.storyboard */ = {
			isa = PBXVariantGroup;
			children = (
				960394BF26FA9E1700C17F89 /* Base */,
			);
			name = LaunchScreen.storyboard;
			sourceTree = "<group>";
		};
/* End PBXVariantGroup section */

/* Begin XCBuildConfiguration section */
		960394D826FA9E1700C17F89 /* Debug */ = {
			isa = XCBuildConfiguration;
			buildSettings = {
				ALWAYS_SEARCH_USER_PATHS = NO;
				CLANG_ANALYZER_NONNULL = YES;
				CLANG_ANALYZER_NUMBER_OBJECT_CONVERSION = YES_AGGRESSIVE;
				CLANG_CXX_LANGUAGE_STANDARD = "gnu++17";
				CLANG_CXX_LIBRARY = "libc++";
				CLANG_ENABLE_MODULES = YES;
				CLANG_ENABLE_OBJC_ARC = YES;
				CLANG_ENABLE_OBJC_WEAK = YES;
				CLANG_WARN_BLOCK_CAPTURE_AUTORELEASING = YES;
				CLANG_WARN_BOOL_CONVERSION = YES;
				CLANG_WARN_COMMA = YES;
				CLANG_WARN_CONSTANT_CONVERSION = YES;
				CLANG_WARN_DEPRECATED_OBJC_IMPLEMENTATIONS = YES;
				CLANG_WARN_DIRECT_OBJC_ISA_USAGE = YES_ERROR;
				CLANG_WARN_DOCUMENTATION_COMMENTS = YES;
				CLANG_WARN_EMPTY_BODY = YES;
				CLANG_WARN_ENUM_CONVERSION = YES;
				CLANG_WARN_INFINITE_RECURSION = YES;
				CLANG_WARN_INT_CONVERSION = YES;
				CLANG_WARN_NON_LITERAL_NULL_CONVERSION = YES;
				CLANG_WARN_OBJC_IMPLICIT_RETAIN_SELF = YES;
				CLANG_WARN_OBJC_LITERAL_CONVERSION = YES;
				CLANG_WARN_OBJC_ROOT_CLASS = YES_ERROR;
				CLANG_WARN_QUOTED_INCLUDE_IN_FRAMEWORK_HEADER = YES;
				CLANG_WARN_RANGE_LOOP_ANALYSIS = YES;
				CLANG_WARN_STRICT_PROTOTYPES = YES;
				CLANG_WARN_SUSPICIOUS_MOVE = YES;
				CLANG_WARN_UNGUARDED_AVAILABILITY = YES_AGGRESSIVE;
				CLANG_WARN_UNREACHABLE_CODE = YES;
				CLANG_WARN__DUPLICATE_METHOD_MATCH = YES;
				COPY_PHASE_STRIP = NO;
				DEBUG_INFORMATION_FORMAT = dwarf;
				ENABLE_STRICT_OBJC_MSGSEND = YES;
				ENABLE_TESTABILITY = YES;
				GCC_C_LANGUAGE_STANDARD = gnu11;
				GCC_DYNAMIC_NO_PIC = NO;
				GCC_NO_COMMON_BLOCKS = YES;
				GCC_OPTIMIZATION_LEVEL = 0;
				GCC_PREPROCESSOR_DEFINITIONS = (
					"DEBUG=1",
					"$(inherited)",
				);
				GCC_WARN_64_TO_32_BIT_CONVERSION = YES;
				GCC_WARN_ABOUT_RETURN_TYPE = YES_ERROR;
				GCC_WARN_UNDECLARED_SELECTOR = YES;
				GCC_WARN_UNINITIALIZED_AUTOS = YES_AGGRESSIVE;
				GCC_WARN_UNUSED_FUNCTION = YES;
				GCC_WARN_UNUSED_VARIABLE = YES;
				IPHONEOS_DEPLOYMENT_TARGET = 15.0;
				MTL_ENABLE_DEBUG_INFO = INCLUDE_SOURCE;
				MTL_FAST_MATH = YES;
				ONLY_ACTIVE_ARCH = YES;
				SDKROOT = iphoneos;
				SWIFT_ACTIVE_COMPILATION_CONDITIONS = DEBUG;
				SWIFT_OPTIMIZATION_LEVEL = "-Onone";
			};
			name = Debug;
		};
		960394D926FA9E1700C17F89 /* Release */ = {
			isa = XCBuildConfiguration;
			buildSettings = {
				ALWAYS_SEARCH_USER_PATHS = NO;
				CLANG_ANALYZER_NONNULL = YES;
				CLANG_ANALYZER_NUMBER_OBJECT_CONVERSION = YES_AGGRESSIVE;
				CLANG_CXX_LANGUAGE_STANDARD = "gnu++17";
				CLANG_CXX_LIBRARY = "libc++";
				CLANG_ENABLE_MODULES = YES;
				CLANG_ENABLE_OBJC_ARC = YES;
				CLANG_ENABLE_OBJC_WEAK = YES;
				CLANG_WARN_BLOCK_CAPTURE_AUTORELEASING = YES;
				CLANG_WARN_BOOL_CONVERSION = YES;
				CLANG_WARN_COMMA = YES;
				CLANG_WARN_CONSTANT_CONVERSION = YES;
				CLANG_WARN_DEPRECATED_OBJC_IMPLEMENTATIONS = YES;
				CLANG_WARN_DIRECT_OBJC_ISA_USAGE = YES_ERROR;
				CLANG_WARN_DOCUMENTATION_COMMENTS = YES;
				CLANG_WARN_EMPTY_BODY = YES;
				CLANG_WARN_ENUM_CONVERSION = YES;
				CLANG_WARN_INFINITE_RECURSION = YES;
				CLANG_WARN_INT_CONVERSION = YES;
				CLANG_WARN_NON_LITERAL_NULL_CONVERSION = YES;
				CLANG_WARN_OBJC_IMPLICIT_RETAIN_SELF = YES;
				CLANG_WARN_OBJC_LITERAL_CONVERSION = YES;
				CLANG_WARN_OBJC_ROOT_CLASS = YES_ERROR;
				CLANG_WARN_QUOTED_INCLUDE_IN_FRAMEWORK_HEADER = YES;
				CLANG_WARN_RANGE_LOOP_ANALYSIS = YES;
				CLANG_WARN_STRICT_PROTOTYPES = YES;
				CLANG_WARN_SUSPICIOUS_MOVE = YES;
				CLANG_WARN_UNGUARDED_AVAILABILITY = YES_AGGRESSIVE;
				CLANG_WARN_UNREACHABLE_CODE = YES;
				CLANG_WARN__DUPLICATE_METHOD_MATCH = YES;
				COPY_PHASE_STRIP = NO;
				DEBUG_INFORMATION_FORMAT = "dwarf-with-dsym";
				ENABLE_NS_ASSERTIONS = NO;
				ENABLE_STRICT_OBJC_MSGSEND = YES;
				GCC_C_LANGUAGE_STANDARD = gnu11;
				GCC_NO_COMMON_BLOCKS = YES;
				GCC_WARN_64_TO_32_BIT_CONVERSION = YES;
				GCC_WARN_ABOUT_RETURN_TYPE = YES_ERROR;
				GCC_WARN_UNDECLARED_SELECTOR = YES;
				GCC_WARN_UNINITIALIZED_AUTOS = YES_AGGRESSIVE;
				GCC_WARN_UNUSED_FUNCTION = YES;
				GCC_WARN_UNUSED_VARIABLE = YES;
				IPHONEOS_DEPLOYMENT_TARGET = 15.0;
				MTL_ENABLE_DEBUG_INFO = NO;
				MTL_FAST_MATH = YES;
				SDKROOT = iphoneos;
				SWIFT_COMPILATION_MODE = wholemodule;
				SWIFT_OPTIMIZATION_LEVEL = "-O";
				VALIDATE_PRODUCT = YES;
			};
			name = Release;
		};
		960394DB26FA9E1700C17F89 /* Debug */ = {
			isa = XCBuildConfiguration;
			baseConfigurationReference = CEA78B3EE0C878C115A2A0F3 /* Pods-Flickr.debug.xcconfig */;
			buildSettings = {
				ASSETCATALOG_COMPILER_APPICON_NAME = AppIcon;
				ASSETCATALOG_COMPILER_GLOBAL_ACCENT_COLOR_NAME = AccentColor;
				CODE_SIGN_STYLE = Automatic;
				CURRENT_PROJECT_VERSION = 1;
				DEVELOPMENT_TEAM = QT2GZCCU57;
				GENERATE_INFOPLIST_FILE = YES;
				INFOPLIST_FILE = Flickr/Info.plist;
				INFOPLIST_KEY_UIApplicationSupportsIndirectInputEvents = YES;
				INFOPLIST_KEY_UILaunchStoryboardName = LaunchScreen;
				INFOPLIST_KEY_UIMainStoryboardFile = Main;
				INFOPLIST_KEY_UISupportedInterfaceOrientations_iPad = "UIInterfaceOrientationPortrait UIInterfaceOrientationPortraitUpsideDown UIInterfaceOrientationLandscapeLeft UIInterfaceOrientationLandscapeRight";
				INFOPLIST_KEY_UISupportedInterfaceOrientations_iPhone = "UIInterfaceOrientationPortrait UIInterfaceOrientationLandscapeLeft UIInterfaceOrientationLandscapeRight";
				IPHONEOS_DEPLOYMENT_TARGET = 14.0;
				LD_RUNPATH_SEARCH_PATHS = (
					"$(inherited)",
					"@executable_path/Frameworks",
				);
				MARKETING_VERSION = 1.0;
				PRODUCT_BUNDLE_IDENTIFIER = com.go1.Flickr;
				PRODUCT_NAME = "$(TARGET_NAME)";
				SWIFT_EMIT_LOC_STRINGS = YES;
				SWIFT_VERSION = 5.0;
				TARGETED_DEVICE_FAMILY = 1;
			};
			name = Debug;
		};
		960394DC26FA9E1700C17F89 /* Release */ = {
			isa = XCBuildConfiguration;
			baseConfigurationReference = 868D1045F7446077F6449FCB /* Pods-Flickr.release.xcconfig */;
			buildSettings = {
				ASSETCATALOG_COMPILER_APPICON_NAME = AppIcon;
				ASSETCATALOG_COMPILER_GLOBAL_ACCENT_COLOR_NAME = AccentColor;
				CODE_SIGN_STYLE = Automatic;
				CURRENT_PROJECT_VERSION = 1;
				DEVELOPMENT_TEAM = QT2GZCCU57;
				GENERATE_INFOPLIST_FILE = YES;
				INFOPLIST_FILE = Flickr/Info.plist;
				INFOPLIST_KEY_UIApplicationSupportsIndirectInputEvents = YES;
				INFOPLIST_KEY_UILaunchStoryboardName = LaunchScreen;
				INFOPLIST_KEY_UIMainStoryboardFile = Main;
				INFOPLIST_KEY_UISupportedInterfaceOrientations_iPad = "UIInterfaceOrientationPortrait UIInterfaceOrientationPortraitUpsideDown UIInterfaceOrientationLandscapeLeft UIInterfaceOrientationLandscapeRight";
				INFOPLIST_KEY_UISupportedInterfaceOrientations_iPhone = "UIInterfaceOrientationPortrait UIInterfaceOrientationLandscapeLeft UIInterfaceOrientationLandscapeRight";
				IPHONEOS_DEPLOYMENT_TARGET = 14.0;
				LD_RUNPATH_SEARCH_PATHS = (
					"$(inherited)",
					"@executable_path/Frameworks",
				);
				MARKETING_VERSION = 1.0;
				PRODUCT_BUNDLE_IDENTIFIER = com.go1.Flickr;
				PRODUCT_NAME = "$(TARGET_NAME)";
				SWIFT_EMIT_LOC_STRINGS = YES;
				SWIFT_VERSION = 5.0;
				TARGETED_DEVICE_FAMILY = 1;
			};
			name = Release;
		};
		960394DE26FA9E1700C17F89 /* Debug */ = {
			isa = XCBuildConfiguration;
			baseConfigurationReference = 28A700F8CEF9674A797C9B52 /* Pods-FlickrTests.debug.xcconfig */;
			buildSettings = {
				ALWAYS_EMBED_SWIFT_STANDARD_LIBRARIES = YES;
				BUNDLE_LOADER = "$(TEST_HOST)";
				CODE_SIGN_STYLE = Automatic;
				CURRENT_PROJECT_VERSION = 1;
				DEVELOPMENT_TEAM = QT2GZCCU57;
				GENERATE_INFOPLIST_FILE = YES;
				IPHONEOS_DEPLOYMENT_TARGET = 14.0;
				LD_RUNPATH_SEARCH_PATHS = (
					"$(inherited)",
					"@executable_path/Frameworks",
					"@loader_path/Frameworks",
				);
				MARKETING_VERSION = 1.0;
				PRODUCT_BUNDLE_IDENTIFIER = com.go1.FlickrTests;
				PRODUCT_NAME = "$(TARGET_NAME)";
				SWIFT_EMIT_LOC_STRINGS = NO;
				SWIFT_VERSION = 5.0;
				TARGETED_DEVICE_FAMILY = "1,2";
				TEST_HOST = "$(BUILT_PRODUCTS_DIR)/Flickr.app/Flickr";
			};
			name = Debug;
		};
		960394DF26FA9E1700C17F89 /* Release */ = {
			isa = XCBuildConfiguration;
			baseConfigurationReference = E577F1073096A78DA5FDDE1E /* Pods-FlickrTests.release.xcconfig */;
			buildSettings = {
				ALWAYS_EMBED_SWIFT_STANDARD_LIBRARIES = YES;
				BUNDLE_LOADER = "$(TEST_HOST)";
				CODE_SIGN_STYLE = Automatic;
				CURRENT_PROJECT_VERSION = 1;
				DEVELOPMENT_TEAM = QT2GZCCU57;
				GENERATE_INFOPLIST_FILE = YES;
				IPHONEOS_DEPLOYMENT_TARGET = 14.0;
				LD_RUNPATH_SEARCH_PATHS = (
					"$(inherited)",
					"@executable_path/Frameworks",
					"@loader_path/Frameworks",
				);
				MARKETING_VERSION = 1.0;
				PRODUCT_BUNDLE_IDENTIFIER = com.go1.FlickrTests;
				PRODUCT_NAME = "$(TARGET_NAME)";
				SWIFT_EMIT_LOC_STRINGS = NO;
				SWIFT_VERSION = 5.0;
				TARGETED_DEVICE_FAMILY = "1,2";
				TEST_HOST = "$(BUILT_PRODUCTS_DIR)/Flickr.app/Flickr";
			};
			name = Release;
		};
		960394E126FA9E1700C17F89 /* Debug */ = {
			isa = XCBuildConfiguration;
			baseConfigurationReference = 3095A48F46DE0F2AB05BBD58 /* Pods-Flickr-FlickrUITests.debug.xcconfig */;
			buildSettings = {
				ALWAYS_EMBED_SWIFT_STANDARD_LIBRARIES = YES;
				CODE_SIGN_STYLE = Automatic;
				CURRENT_PROJECT_VERSION = 1;
				DEVELOPMENT_TEAM = QT2GZCCU57;
				GENERATE_INFOPLIST_FILE = YES;
				LD_RUNPATH_SEARCH_PATHS = (
					"$(inherited)",
					"@executable_path/Frameworks",
					"@loader_path/Frameworks",
				);
				MARKETING_VERSION = 1.0;
				PRODUCT_BUNDLE_IDENTIFIER = com.go1.FlickrUITests;
				PRODUCT_NAME = "$(TARGET_NAME)";
				SWIFT_EMIT_LOC_STRINGS = NO;
				SWIFT_VERSION = 5.0;
				TARGETED_DEVICE_FAMILY = "1,2";
				TEST_TARGET_NAME = Flickr;
			};
			name = Debug;
		};
		960394E226FA9E1700C17F89 /* Release */ = {
			isa = XCBuildConfiguration;
			baseConfigurationReference = A17181E2F5E1B54807738154 /* Pods-Flickr-FlickrUITests.release.xcconfig */;
			buildSettings = {
				ALWAYS_EMBED_SWIFT_STANDARD_LIBRARIES = YES;
				CODE_SIGN_STYLE = Automatic;
				CURRENT_PROJECT_VERSION = 1;
				DEVELOPMENT_TEAM = QT2GZCCU57;
				GENERATE_INFOPLIST_FILE = YES;
				LD_RUNPATH_SEARCH_PATHS = (
					"$(inherited)",
					"@executable_path/Frameworks",
					"@loader_path/Frameworks",
				);
				MARKETING_VERSION = 1.0;
				PRODUCT_BUNDLE_IDENTIFIER = com.go1.FlickrUITests;
				PRODUCT_NAME = "$(TARGET_NAME)";
				SWIFT_EMIT_LOC_STRINGS = NO;
				SWIFT_VERSION = 5.0;
				TARGETED_DEVICE_FAMILY = "1,2";
				TEST_TARGET_NAME = Flickr;
			};
			name = Release;
		};
/* End XCBuildConfiguration section */

/* Begin XCConfigurationList section */
		960394AB26FA9E1500C17F89 /* Build configuration list for PBXProject "Flickr" */ = {
			isa = XCConfigurationList;
			buildConfigurations = (
				960394D826FA9E1700C17F89 /* Debug */,
				960394D926FA9E1700C17F89 /* Release */,
			);
			defaultConfigurationIsVisible = 0;
			defaultConfigurationName = Release;
		};
		960394DA26FA9E1700C17F89 /* Build configuration list for PBXNativeTarget "Flickr" */ = {
			isa = XCConfigurationList;
			buildConfigurations = (
				960394DB26FA9E1700C17F89 /* Debug */,
				960394DC26FA9E1700C17F89 /* Release */,
			);
			defaultConfigurationIsVisible = 0;
			defaultConfigurationName = Release;
		};
		960394DD26FA9E1700C17F89 /* Build configuration list for PBXNativeTarget "FlickrTests" */ = {
			isa = XCConfigurationList;
			buildConfigurations = (
				960394DE26FA9E1700C17F89 /* Debug */,
				960394DF26FA9E1700C17F89 /* Release */,
			);
			defaultConfigurationIsVisible = 0;
			defaultConfigurationName = Release;
		};
		960394E026FA9E1700C17F89 /* Build configuration list for PBXNativeTarget "FlickrUITests" */ = {
			isa = XCConfigurationList;
			buildConfigurations = (
				960394E126FA9E1700C17F89 /* Debug */,
				960394E226FA9E1700C17F89 /* Release */,
			);
			defaultConfigurationIsVisible = 0;
			defaultConfigurationName = Release;
		};
/* End XCConfigurationList section */
	};
	rootObject = 960394A826FA9E1500C17F89 /* Project object */;
}
